// !$*UTF8*$!
{
	archiveVersion = 1;
	classes = {
	};
	objectVersion = 77;
	objects = {

/* Begin PBXBuildFile section */
		0208F61651C43C0B4BA60B38 /* Sparkle in Frameworks */ = {isa = PBXBuildFile; productRef = 6E2612C8592607D8F293B26A /* Sparkle */; };
		03EFEC94395A0B8AA487042C /* PresetManager.swift in Sources */ = {isa = PBXBuildFile; fileRef = C53EB3C7EB4739B23F644A00 /* PresetManager.swift */; };
		1A0950D240A78D757D8DEEF5 /* ConfigManager.swift in Sources */ = {isa = PBXBuildFile; fileRef = F7AEA773FE41833421CA1D85 /* ConfigManager.swift */; };
		1FC1B233371366EF5675BD6B /* ServerManager.swift in Sources */ = {isa = PBXBuildFile; fileRef = 15C6D3E8C734768E6967C5CF /* ServerManager.swift */; };
		204AA49F1F4F9621482F0503 /* AnyCodable.swift in Sources */ = {isa = PBXBuildFile; fileRef = AEB73745818D5F9CC71FACB0 /* AnyCodable.swift */; };
		35DCC7AD97AD07A82A643A6B /* ServerStatusView.swift in Sources */ = {isa = PBXBuildFile; fileRef = FF966DCF75B8538E3348EA0D /* ServerStatusView.swift */; };
		3B84E217040C481F30E33CBE /* UpdateService.swift in Sources */ = {isa = PBXBuildFile; fileRef = 1BA386946D6FBA796A21FCD3 /* UpdateService.swift */; };
		3DA5EBE3D52F2AF272CF6AC4 /* ProvidersTab.swift in Sources */ = {isa = PBXBuildFile; fileRef = DC20EEF802AE3513C4BB3E8E /* ProvidersTab.swift */; };
		40D8E76873FD6CC438C351B1 /* MenuBarPopup.swift in Sources */ = {isa = PBXBuildFile; fileRef = 129B1E234AD17AA57035CF0E /* MenuBarPopup.swift */; };
		4AEB78C181CB892923054735 /* IntegrationsTab.swift in Sources */ = {isa = PBXBuildFile; fileRef = 62E846D6BB06DCD1C3E153D7 /* IntegrationsTab.swift */; };
		4D4897953630AF024050D493 /* GeneralTab.swift in Sources */ = {isa = PBXBuildFile; fileRef = C5798CAD69FFE167A9214BE3 /* GeneralTab.swift */; };
		5601F48007538EE9517E2185 /* MCPInstaller.swift in Sources */ = {isa = PBXBuildFile; fileRef = A1E11E0BE99D955A6A8FC2C0 /* MCPInstaller.swift */; };
		5F85BE9A7FD1CE9E74287B7C /* RouterSection.swift in Sources */ = {isa = PBXBuildFile; fileRef = F815FBEF55C411A964A5C523 /* RouterSection.swift */; };
		6954D0ABFA4EABB6C7EB67D9 /* CCRMenuBarApp.swift in Sources */ = {isa = PBXBuildFile; fileRef = 33D623336C1319268E142F3F /* CCRMenuBarApp.swift */; };
		6BFC8B32233ABB55BC7C0A4E /* ProxyService.swift in Sources */ = {isa = PBXBuildFile; fileRef = AFA107701FDCD59BE83B6859 /* ProxyService.swift */; };
		6E1B189A8A5AE48F38572705 /* ModelPricingService.swift in Sources */ = {isa = PBXBuildFile; fileRef = 2452B09D38E37AB03BCD7432 /* ModelPricingService.swift */; };
		7313365501050EF79658BBF4 /* PresetPicker.swift in Sources */ = {isa = PBXBuildFile; fileRef = C7194A10534B79903AD5AFAA /* PresetPicker.swift */; };
		7BD0F1EDB628F524377E009D /* TokenUsageView.swift in Sources */ = {isa = PBXBuildFile; fileRef = 8E2629708DA2B111D5152B71 /* TokenUsageView.swift */; };
		939129B5206BE4575F8066AC /* PresetsTab.swift in Sources */ = {isa = PBXBuildFile; fileRef = 1BCE4C18AF126201587A37FA /* PresetsTab.swift */; };
		AB3E1A6855696954C8FBBD0E /* TokenUsageService.swift in Sources */ = {isa = PBXBuildFile; fileRef = 465589090D8BE2D14181C76D /* TokenUsageService.swift */; };
		B0F0B785916324CD633FB3ED /* SpendLimitNotificationService.swift in Sources */ = {isa = PBXBuildFile; fileRef = 405F077EB164E7E614127482 /* SpendLimitNotificationService.swift */; };
		B2271DE6FE7D7FDC484F147C /* CCRPresetManifest.swift in Sources */ = {isa = PBXBuildFile; fileRef = F0EB9F8567C6AFC81BB55877 /* CCRPresetManifest.swift */; };
		D7DD58B345D95DFCF3A53671 /* SettingsView.swift in Sources */ = {isa = PBXBuildFile; fileRef = CD759C558320712E04C3207A /* SettingsView.swift */; };
		E0F472DBB323D7464FFDD689 /* UsageLogStore.swift in Sources */ = {isa = PBXBuildFile; fileRef = EBBC95AA516CCF6B6DD0FFDE /* UsageLogStore.swift */; };
		E1E35482FFACED1C46494768 /* RouterRoute.swift in Sources */ = {isa = PBXBuildFile; fileRef = 992D6FE72487B94C51608B58 /* RouterRoute.swift */; };
		F3A178EBDC4B086F2C9D6F78 /* Assets.xcassets in Resources */ = {isa = PBXBuildFile; fileRef = 02667445E03FD602836F6EC7 /* Assets.xcassets */; };
		FE8B2278B477F4D1F8F9D6E0 /* CCRConfig.swift in Sources */ = {isa = PBXBuildFile; fileRef = 3AF5DD74358A8E4ECA12C2C3 /* CCRConfig.swift */; };
/* End PBXBuildFile section */

/* Begin PBXFileReference section */
		02667445E03FD602836F6EC7 /* Assets.xcassets */ = {isa = PBXFileReference; lastKnownFileType = folder.assetcatalog; path = Assets.xcassets; sourceTree = "<group>"; };
		09F2A20A4D9E4D359F5B4C49 /* CCRMenuBar.entitlements */ = {isa = PBXFileReference; lastKnownFileType = text.plist.entitlements; path = CCRMenuBar.entitlements; sourceTree = "<group>"; };
		129B1E234AD17AA57035CF0E /* MenuBarPopup.swift */ = {isa = PBXFileReference; lastKnownFileType = sourcecode.swift; path = MenuBarPopup.swift; sourceTree = "<group>"; };
		15C6D3E8C734768E6967C5CF /* ServerManager.swift */ = {isa = PBXFileReference; lastKnownFileType = sourcecode.swift; path = ServerManager.swift; sourceTree = "<group>"; };
		1BA386946D6FBA796A21FCD3 /* UpdateService.swift */ = {isa = PBXFileReference; lastKnownFileType = sourcecode.swift; path = UpdateService.swift; sourceTree = "<group>"; };
		1BCE4C18AF126201587A37FA /* PresetsTab.swift */ = {isa = PBXFileReference; lastKnownFileType = sourcecode.swift; path = PresetsTab.swift; sourceTree = "<group>"; };
		2452B09D38E37AB03BCD7432 /* ModelPricingService.swift */ = {isa = PBXFileReference; lastKnownFileType = sourcecode.swift; path = ModelPricingService.swift; sourceTree = "<group>"; };
		33D623336C1319268E142F3F /* CCRMenuBarApp.swift */ = {isa = PBXFileReference; lastKnownFileType = sourcecode.swift; path = CCRMenuBarApp.swift; sourceTree = "<group>"; };
		3AF5DD74358A8E4ECA12C2C3 /* CCRConfig.swift */ = {isa = PBXFileReference; lastKnownFileType = sourcecode.swift; path = CCRConfig.swift; sourceTree = "<group>"; };
		405F077EB164E7E614127482 /* SpendLimitNotificationService.swift */ = {isa = PBXFileReference; lastKnownFileType = sourcecode.swift; path = SpendLimitNotificationService.swift; sourceTree = "<group>"; };
		465589090D8BE2D14181C76D /* TokenUsageService.swift */ = {isa = PBXFileReference; lastKnownFileType = sourcecode.swift; path = TokenUsageService.swift; sourceTree = "<group>"; };
		62E846D6BB06DCD1C3E153D7 /* IntegrationsTab.swift */ = {isa = PBXFileReference; lastKnownFileType = sourcecode.swift; path = IntegrationsTab.swift; sourceTree = "<group>"; };
		8E2629708DA2B111D5152B71 /* TokenUsageView.swift */ = {isa = PBXFileReference; lastKnownFileType = sourcecode.swift; path = TokenUsageView.swift; sourceTree = "<group>"; };
		992D6FE72487B94C51608B58 /* RouterRoute.swift */ = {isa = PBXFileReference; lastKnownFileType = sourcecode.swift; path = RouterRoute.swift; sourceTree = "<group>"; };
		A1E11E0BE99D955A6A8FC2C0 /* MCPInstaller.swift */ = {isa = PBXFileReference; lastKnownFileType = sourcecode.swift; path = MCPInstaller.swift; sourceTree = "<group>"; };
		AEB73745818D5F9CC71FACB0 /* AnyCodable.swift */ = {isa = PBXFileReference; lastKnownFileType = sourcecode.swift; path = AnyCodable.swift; sourceTree = "<group>"; };
		AFA107701FDCD59BE83B6859 /* ProxyService.swift */ = {isa = PBXFileReference; lastKnownFileType = sourcecode.swift; path = ProxyService.swift; sourceTree = "<group>"; };
		C53EB3C7EB4739B23F644A00 /* PresetManager.swift */ = {isa = PBXFileReference; lastKnownFileType = sourcecode.swift; path = PresetManager.swift; sourceTree = "<group>"; };
		C5798CAD69FFE167A9214BE3 /* GeneralTab.swift */ = {isa = PBXFileReference; lastKnownFileType = sourcecode.swift; path = GeneralTab.swift; sourceTree = "<group>"; };
		C7194A10534B79903AD5AFAA /* PresetPicker.swift */ = {isa = PBXFileReference; lastKnownFileType = sourcecode.swift; path = PresetPicker.swift; sourceTree = "<group>"; };
		CD759C558320712E04C3207A /* SettingsView.swift */ = {isa = PBXFileReference; lastKnownFileType = sourcecode.swift; path = SettingsView.swift; sourceTree = "<group>"; };
		CE8BC6FD22B1C00D86E7EDD5 /* CCRMenuBar.app */ = {isa = PBXFileReference; explicitFileType = wrapper.application; includeInIndex = 0; path = CCRMenuBar.app; sourceTree = BUILT_PRODUCTS_DIR; };
		DC20EEF802AE3513C4BB3E8E /* ProvidersTab.swift */ = {isa = PBXFileReference; lastKnownFileType = sourcecode.swift; path = ProvidersTab.swift; sourceTree = "<group>"; };
		EB5DA469F25F5408412BFF29 /* Info.plist */ = {isa = PBXFileReference; lastKnownFileType = text.plist; path = Info.plist; sourceTree = "<group>"; };
		EBBC95AA516CCF6B6DD0FFDE /* UsageLogStore.swift */ = {isa = PBXFileReference; lastKnownFileType = sourcecode.swift; path = UsageLogStore.swift; sourceTree = "<group>"; };
		F0EB9F8567C6AFC81BB55877 /* CCRPresetManifest.swift */ = {isa = PBXFileReference; lastKnownFileType = sourcecode.swift; path = CCRPresetManifest.swift; sourceTree = "<group>"; };
		F7AEA773FE41833421CA1D85 /* ConfigManager.swift */ = {isa = PBXFileReference; lastKnownFileType = sourcecode.swift; path = ConfigManager.swift; sourceTree = "<group>"; };
		F815FBEF55C411A964A5C523 /* RouterSection.swift */ = {isa = PBXFileReference; lastKnownFileType = sourcecode.swift; path = RouterSection.swift; sourceTree = "<group>"; };
		FF966DCF75B8538E3348EA0D /* ServerStatusView.swift */ = {isa = PBXFileReference; lastKnownFileType = sourcecode.swift; path = ServerStatusView.swift; sourceTree = "<group>"; };
/* End PBXFileReference section */

/* Begin PBXFrameworksBuildPhase section */
		493147E8E9096567D70B0D6F /* Frameworks */ = {
			isa = PBXFrameworksBuildPhase;
			buildActionMask = 2147483647;
			files = (
				0208F61651C43C0B4BA60B38 /* Sparkle in Frameworks */,
			);
			runOnlyForDeploymentPostprocessing = 0;
		};
/* End PBXFrameworksBuildPhase section */

/* Begin PBXGroup section */
		14190191FF2E5991354BFCB2 /* Resources */ = {
			isa = PBXGroup;
			children = (
				02667445E03FD602836F6EC7 /* Assets.xcassets */,
			);
			name = Resources;
			path = CCRMenuBar/Resources;
			sourceTree = "<group>";
		};
		1848EB10F3C21F1C40D93E98 /* Products */ = {
			isa = PBXGroup;
			children = (
				CE8BC6FD22B1C00D86E7EDD5 /* CCRMenuBar.app */,
			);
			name = Products;
			sourceTree = "<group>";
		};
		20E7B03BDF958F2823BE2555 /* Models */ = {
			isa = PBXGroup;
			children = (
				AEB73745818D5F9CC71FACB0 /* AnyCodable.swift */,
				3AF5DD74358A8E4ECA12C2C3 /* CCRConfig.swift */,
				F0EB9F8567C6AFC81BB55877 /* CCRPresetManifest.swift */,
				992D6FE72487B94C51608B58 /* RouterRoute.swift */,
			);
			path = Models;
			sourceTree = "<group>";
		};
		51DFE8A4E9744AE7C1E4E5F5 /* CCRMenuBar */ = {
			isa = PBXGroup;
			children = (
				09F2A20A4D9E4D359F5B4C49 /* CCRMenuBar.entitlements */,
				33D623336C1319268E142F3F /* CCRMenuBarApp.swift */,
				EB5DA469F25F5408412BFF29 /* Info.plist */,
				20E7B03BDF958F2823BE2555 /* Models */,
				54301B8FAA39CC2B2B4441A4 /* Services */,
				533E94F1536D6C643939E112 /* Views */,
			);
			path = CCRMenuBar;
			sourceTree = "<group>";
		};
		533E94F1536D6C643939E112 /* Views */ = {
			isa = PBXGroup;
			children = (
				C5798CAD69FFE167A9214BE3 /* GeneralTab.swift */,
				62E846D6BB06DCD1C3E153D7 /* IntegrationsTab.swift */,
				129B1E234AD17AA57035CF0E /* MenuBarPopup.swift */,
				C7194A10534B79903AD5AFAA /* PresetPicker.swift */,
				1BCE4C18AF126201587A37FA /* PresetsTab.swift */,
				DC20EEF802AE3513C4BB3E8E /* ProvidersTab.swift */,
				F815FBEF55C411A964A5C523 /* RouterSection.swift */,
				FF966DCF75B8538E3348EA0D /* ServerStatusView.swift */,
				CD759C558320712E04C3207A /* SettingsView.swift */,
				8E2629708DA2B111D5152B71 /* TokenUsageView.swift */,
			);
			path = Views;
			sourceTree = "<group>";
		};
		54301B8FAA39CC2B2B4441A4 /* Services */ = {
			isa = PBXGroup;
			children = (
				F7AEA773FE41833421CA1D85 /* ConfigManager.swift */,
				A1E11E0BE99D955A6A8FC2C0 /* MCPInstaller.swift */,
				2452B09D38E37AB03BCD7432 /* ModelPricingService.swift */,
				C53EB3C7EB4739B23F644A00 /* PresetManager.swift */,
				AFA107701FDCD59BE83B6859 /* ProxyService.swift */,
				15C6D3E8C734768E6967C5CF /* ServerManager.swift */,
				405F077EB164E7E614127482 /* SpendLimitNotificationService.swift */,
				465589090D8BE2D14181C76D /* TokenUsageService.swift */,
				1BA386946D6FBA796A21FCD3 /* UpdateService.swift */,
				EBBC95AA516CCF6B6DD0FFDE /* UsageLogStore.swift */,
			);
			path = Services;
			sourceTree = "<group>";
		};
		CE66DB6E3A270F98C1106F69 = {
			isa = PBXGroup;
			children = (
				51DFE8A4E9744AE7C1E4E5F5 /* CCRMenuBar */,
				14190191FF2E5991354BFCB2 /* Resources */,
				1848EB10F3C21F1C40D93E98 /* Products */,
			);
			sourceTree = "<group>";
		};
/* End PBXGroup section */

/* Begin PBXNativeTarget section */
		E388B3445C0FCE999E882C75 /* CCRMenuBar */ = {
			isa = PBXNativeTarget;
			buildConfigurationList = 4E0F09335263C3E571AD88E0 /* Build configuration list for PBXNativeTarget "CCRMenuBar" */;
			buildPhases = (
				9419D9CBB78F33B52C1E4328 /* Sources */,
				F896BE4C772A917A27D593A3 /* Resources */,
				493147E8E9096567D70B0D6F /* Frameworks */,
			);
			buildRules = (
			);
			dependencies = (
			);
			name = CCRMenuBar;
			packageProductDependencies = (
				6E2612C8592607D8F293B26A /* Sparkle */,
			);
			productName = CCRMenuBar;
			productReference = CE8BC6FD22B1C00D86E7EDD5 /* CCRMenuBar.app */;
			productType = "com.apple.product-type.application";
		};
/* End PBXNativeTarget section */

/* Begin PBXProject section */
		8C52306BE86F03010D407E20 /* Project object */ = {
			isa = PBXProject;
			attributes = {
				BuildIndependentTargetsInParallel = YES;
				LastUpgradeCheck = 1600;
				TargetAttributes = {
					E388B3445C0FCE999E882C75 = {
						ProvisioningStyle = Automatic;
					};
				};
			};
			buildConfigurationList = AB5F0F6FB275F4B5C0D0E460 /* Build configuration list for PBXProject "CCRMenuBar" */;
			developmentRegion = en;
			hasScannedForEncodings = 0;
			knownRegions = (
				Base,
				en,
			);
			mainGroup = CE66DB6E3A270F98C1106F69;
			minimizedProjectReferenceProxies = 1;
			packageReferences = (
				619C4C06A45D6AF39780A078 /* XCRemoteSwiftPackageReference "Sparkle" */,
			);
			preferredProjectObjectVersion = 77;
			productRefGroup = 1848EB10F3C21F1C40D93E98 /* Products */;
			projectDirPath = "";
			projectRoot = "";
			targets = (
				E388B3445C0FCE999E882C75 /* CCRMenuBar */,
			);
		};
/* End PBXProject section */

/* Begin PBXResourcesBuildPhase section */
		F896BE4C772A917A27D593A3 /* Resources */ = {
			isa = PBXResourcesBuildPhase;
			buildActionMask = 2147483647;
			files = (
				F3A178EBDC4B086F2C9D6F78 /* Assets.xcassets in Resources */,
			);
			runOnlyForDeploymentPostprocessing = 0;
		};
/* End PBXResourcesBuildPhase section */

/* Begin PBXSourcesBuildPhase section */
		9419D9CBB78F33B52C1E4328 /* Sources */ = {
			isa = PBXSourcesBuildPhase;
			buildActionMask = 2147483647;
			files = (
				204AA49F1F4F9621482F0503 /* AnyCodable.swift in Sources */,
				FE8B2278B477F4D1F8F9D6E0 /* CCRConfig.swift in Sources */,
				6954D0ABFA4EABB6C7EB67D9 /* CCRMenuBarApp.swift in Sources */,
				B2271DE6FE7D7FDC484F147C /* CCRPresetManifest.swift in Sources */,
				1A0950D240A78D757D8DEEF5 /* ConfigManager.swift in Sources */,
				4D4897953630AF024050D493 /* GeneralTab.swift in Sources */,
				4AEB78C181CB892923054735 /* IntegrationsTab.swift in Sources */,
				5601F48007538EE9517E2185 /* MCPInstaller.swift in Sources */,
				40D8E76873FD6CC438C351B1 /* MenuBarPopup.swift in Sources */,
				6E1B189A8A5AE48F38572705 /* ModelPricingService.swift in Sources */,
				03EFEC94395A0B8AA487042C /* PresetManager.swift in Sources */,
				7313365501050EF79658BBF4 /* PresetPicker.swift in Sources */,
				939129B5206BE4575F8066AC /* PresetsTab.swift in Sources */,
				3DA5EBE3D52F2AF272CF6AC4 /* ProvidersTab.swift in Sources */,
				6BFC8B32233ABB55BC7C0A4E /* ProxyService.swift in Sources */,
				E1E35482FFACED1C46494768 /* RouterRoute.swift in Sources */,
				5F85BE9A7FD1CE9E74287B7C /* RouterSection.swift in Sources */,
				1FC1B233371366EF5675BD6B /* ServerManager.swift in Sources */,
				35DCC7AD97AD07A82A643A6B /* ServerStatusView.swift in Sources */,
				D7DD58B345D95DFCF3A53671 /* SettingsView.swift in Sources */,
				B0F0B785916324CD633FB3ED /* SpendLimitNotificationService.swift in Sources */,
				AB3E1A6855696954C8FBBD0E /* TokenUsageService.swift in Sources */,
				7BD0F1EDB628F524377E009D /* TokenUsageView.swift in Sources */,
				3B84E217040C481F30E33CBE /* UpdateService.swift in Sources */,
				E0F472DBB323D7464FFDD689 /* UsageLogStore.swift in Sources */,
			);
			runOnlyForDeploymentPostprocessing = 0;
		};
/* End PBXSourcesBuildPhase section */

/* Begin XCBuildConfiguration section */
		2D6CB28BB0EFC13F567141B5 /* Release */ = {
			isa = XCBuildConfiguration;
			buildSettings = {
				ALWAYS_SEARCH_USER_PATHS = NO;
				CLANG_ANALYZER_NONNULL = YES;
				CLANG_ANALYZER_NUMBER_OBJECT_CONVERSION = YES_AGGRESSIVE;
				CLANG_CXX_LANGUAGE_STANDARD = "gnu++14";
				CLANG_CXX_LIBRARY = "libc++";
				CLANG_ENABLE_MODULES = YES;
				CLANG_ENABLE_OBJC_ARC = YES;
				CLANG_ENABLE_OBJC_WEAK = YES;
				CLANG_WARN_BLOCK_CAPTURE_AUTORELEASING = YES;
				CLANG_WARN_BOOL_CONVERSION = YES;
				CLANG_WARN_COMMA = YES;
				CLANG_WARN_CONSTANT_CONVERSION = YES;
				CLANG_WARN_DEPRECATED_OBJC_IMPLEMENTATIONS = YES;
				CLANG_WARN_DIRECT_OBJC_ISA_USAGE = YES_ERROR;
				CLANG_WARN_DOCUMENTATION_COMMENTS = YES;
				CLANG_WARN_EMPTY_BODY = YES;
				CLANG_WARN_ENUM_CONVERSION = YES;
				CLANG_WARN_INFINITE_RECURSION = YES;
				CLANG_WARN_INT_CONVERSION = YES;
				CLANG_WARN_NON_LITERAL_NULL_CONVERSION = YES;
				CLANG_WARN_OBJC_IMPLICIT_RETAIN_SELF = YES;
				CLANG_WARN_OBJC_LITERAL_CONVERSION = YES;
				CLANG_WARN_OBJC_ROOT_CLASS = YES_ERROR;
				CLANG_WARN_QUOTED_INCLUDE_IN_FRAMEWORK_HEADER = YES;
				CLANG_WARN_RANGE_LOOP_ANALYSIS = YES;
				CLANG_WARN_STRICT_PROTOTYPES = YES;
				CLANG_WARN_SUSPICIOUS_MOVE = YES;
				CLANG_WARN_UNGUARDED_AVAILABILITY = YES_AGGRESSIVE;
				CLANG_WARN_UNREACHABLE_CODE = YES;
				CLANG_WARN__DUPLICATE_METHOD_MATCH = YES;
				CODE_SIGN_STYLE = Automatic;
				COPY_PHASE_STRIP = NO;
				CURRENT_PROJECT_VERSION = 6;
				DEBUG_INFORMATION_FORMAT = "dwarf-with-dsym";
				ENABLE_HARDENED_RUNTIME = YES;
				ENABLE_NS_ASSERTIONS = NO;
				ENABLE_STRICT_OBJC_MSGSEND = YES;
				GCC_C_LANGUAGE_STANDARD = gnu11;
				GCC_NO_COMMON_BLOCKS = YES;
				GCC_WARN_64_TO_32_BIT_CONVERSION = YES;
				GCC_WARN_ABOUT_RETURN_TYPE = YES_ERROR;
				GCC_WARN_UNDECLARED_SELECTOR = YES;
				GCC_WARN_UNINITIALIZED_AUTOS = YES_AGGRESSIVE;
				GCC_WARN_UNUSED_FUNCTION = YES;
				GCC_WARN_UNUSED_VARIABLE = YES;
				MACOSX_DEPLOYMENT_TARGET = 14.0;
				MARKETING_VERSION = 1.3.3;
				MTL_ENABLE_DEBUG_INFO = NO;
				MTL_FAST_MATH = YES;
				PRODUCT_NAME = "$(TARGET_NAME)";
				SDKROOT = macosx;
				SWIFT_COMPILATION_MODE = wholemodule;
				SWIFT_OPTIMIZATION_LEVEL = "-O";
				SWIFT_VERSION = 5.9;
			};
			name = Release;
		};
		548179D0B4D97C7DB8BBD0CC /* Release */ = {
			isa = XCBuildConfiguration;
			buildSettings = {
				ASSETCATALOG_COMPILER_APPICON_NAME = AppIcon;
				CODE_SIGN_ENTITLEMENTS = CCRMenuBar/CCRMenuBar.entitlements;
				COMBINE_HIDPI_IMAGES = YES;
				ENABLE_APP_SANDBOX = NO;
				ENABLE_HARDENED_RUNTIME = YES;
				INFOPLIST_FILE = CCRMenuBar/Info.plist;
				LD_RUNPATH_SEARCH_PATHS = (
					"@executable_path/../Frameworks",
				);
				PRODUCT_BUNDLE_IDENTIFIER = com.ccr.menubar;
				PRODUCT_NAME = "CCR Menu Bar";
				SDKROOT = macosx;
			};
			name = Release;
		};
		9F9215E74720835EC6DB22A9 /* Debug */ = {
			isa = XCBuildConfiguration;
			buildSettings = {
				ALWAYS_SEARCH_USER_PATHS = NO;
				CLANG_ANALYZER_NONNULL = YES;
				CLANG_ANALYZER_NUMBER_OBJECT_CONVERSION = YES_AGGRESSIVE;
				CLANG_CXX_LANGUAGE_STANDARD = "gnu++14";
				CLANG_CXX_LIBRARY = "libc++";
				CLANG_ENABLE_MODULES = YES;
				CLANG_ENABLE_OBJC_ARC = YES;
				CLANG_ENABLE_OBJC_WEAK = YES;
				CLANG_WARN_BLOCK_CAPTURE_AUTORELEASING = YES;
				CLANG_WARN_BOOL_CONVERSION = YES;
				CLANG_WARN_COMMA = YES;
				CLANG_WARN_CONSTANT_CONVERSION = YES;
				CLANG_WARN_DEPRECATED_OBJC_IMPLEMENTATIONS = YES;
				CLANG_WARN_DIRECT_OBJC_ISA_USAGE = YES_ERROR;
				CLANG_WARN_DOCUMENTATION_COMMENTS = YES;
				CLANG_WARN_EMPTY_BODY = YES;
				CLANG_WARN_ENUM_CONVERSION = YES;
				CLANG_WARN_INFINITE_RECURSION = YES;
				CLANG_WARN_INT_CONVERSION = YES;
				CLANG_WARN_NON_LITERAL_NULL_CONVERSION = YES;
				CLANG_WARN_OBJC_IMPLICIT_RETAIN_SELF = YES;
				CLANG_WARN_OBJC_LITERAL_CONVERSION = YES;
				CLANG_WARN_OBJC_ROOT_CLASS = YES_ERROR;
				CLANG_WARN_QUOTED_INCLUDE_IN_FRAMEWORK_HEADER = YES;
				CLANG_WARN_RANGE_LOOP_ANALYSIS = YES;
				CLANG_WARN_STRICT_PROTOTYPES = YES;
				CLANG_WARN_SUSPICIOUS_MOVE = YES;
				CLANG_WARN_UNGUARDED_AVAILABILITY = YES_AGGRESSIVE;
				CLANG_WARN_UNREACHABLE_CODE = YES;
				CLANG_WARN__DUPLICATE_METHOD_MATCH = YES;
				CODE_SIGN_STYLE = Automatic;
				COPY_PHASE_STRIP = NO;
				CURRENT_PROJECT_VERSION = 6;
				DEBUG_INFORMATION_FORMAT = dwarf;
				ENABLE_HARDENED_RUNTIME = YES;
				ENABLE_STRICT_OBJC_MSGSEND = YES;
				ENABLE_TESTABILITY = YES;
				GCC_C_LANGUAGE_STANDARD = gnu11;
				GCC_DYNAMIC_NO_PIC = NO;
				GCC_NO_COMMON_BLOCKS = YES;
				GCC_OPTIMIZATION_LEVEL = 0;
				GCC_PREPROCESSOR_DEFINITIONS = (
					"$(inherited)",
					"DEBUG=1",
				);
				GCC_WARN_64_TO_32_BIT_CONVERSION = YES;
				GCC_WARN_ABOUT_RETURN_TYPE = YES_ERROR;
				GCC_WARN_UNDECLARED_SELECTOR = YES;
				GCC_WARN_UNINITIALIZED_AUTOS = YES_AGGRESSIVE;
				GCC_WARN_UNUSED_FUNCTION = YES;
				GCC_WARN_UNUSED_VARIABLE = YES;
				MACOSX_DEPLOYMENT_TARGET = 14.0;
				MARKETING_VERSION = 1.3.3;
				MTL_ENABLE_DEBUG_INFO = INCLUDE_SOURCE;
				MTL_FAST_MATH = YES;
				ONLY_ACTIVE_ARCH = YES;
				PRODUCT_NAME = "$(TARGET_NAME)";
				SDKROOT = macosx;
				SWIFT_ACTIVE_COMPILATION_CONDITIONS = DEBUG;
				SWIFT_OPTIMIZATION_LEVEL = "-Onone";
				SWIFT_VERSION = 5.9;
			};
			name = Debug;
		};
		A48FDD814B60EAE0C2114B64 /* Debug */ = {
			isa = XCBuildConfiguration;
			buildSettings = {
				ASSETCATALOG_COMPILER_APPICON_NAME = AppIcon;
				CODE_SIGN_ENTITLEMENTS = CCRMenuBar/CCRMenuBar.entitlements;
				COMBINE_HIDPI_IMAGES = YES;
				ENABLE_APP_SANDBOX = NO;
				ENABLE_HARDENED_RUNTIME = YES;
				INFOPLIST_FILE = CCRMenuBar/Info.plist;
				LD_RUNPATH_SEARCH_PATHS = (
					"@executable_path/../Frameworks",
				);
				PRODUCT_BUNDLE_IDENTIFIER = com.ccr.menubar;
				PRODUCT_NAME = "CCR Menu Bar";
				SDKROOT = macosx;
			};
			name = Debug;
		};
/* End XCBuildConfiguration section */

/* Begin XCConfigurationList section */
		4E0F09335263C3E571AD88E0 /* Build configuration list for PBXNativeTarget "CCRMenuBar" */ = {
			isa = XCConfigurationList;
			buildConfigurations = (
				A48FDD814B60EAE0C2114B64 /* Debug */,
				548179D0B4D97C7DB8BBD0CC /* Release */,
			);
			defaultConfigurationIsVisible = 0;
			defaultConfigurationName = Debug;
		};
		AB5F0F6FB275F4B5C0D0E460 /* Build configuration list for PBXProject "CCRMenuBar" */ = {
			isa = XCConfigurationList;
			buildConfigurations = (
				9F9215E74720835EC6DB22A9 /* Debug */,
				2D6CB28BB0EFC13F567141B5 /* Release */,
			);
			defaultConfigurationIsVisible = 0;
			defaultConfigurationName = Debug;
		};
/* End XCConfigurationList section */

/* Begin XCRemoteSwiftPackageReference section */
		619C4C06A45D6AF39780A078 /* XCRemoteSwiftPackageReference "Sparkle" */ = {
			isa = XCRemoteSwiftPackageReference;
			repositoryURL = "https://github.com/sparkle-project/Sparkle";
			requirement = {
				kind = upToNextMajorVersion;
				minimumVersion = 2.9.1;
			};
		};
/* End XCRemoteSwiftPackageReference section */

/* Begin XCSwiftPackageProductDependency section */
		6E2612C8592607D8F293B26A /* Sparkle */ = {
			isa = XCSwiftPackageProductDependency;
			package = 619C4C06A45D6AF39780A078 /* XCRemoteSwiftPackageReference "Sparkle" */;
			productName = Sparkle;
		};
/* End XCSwiftPackageProductDependency section */
	};
	rootObject = 8C52306BE86F03010D407E20 /* Project object */;
}
